
Microsoft Visual Studio Solution File, Format Version 12.00
# Visual Studio 2012
Project("{FAE04EC0-301F-11D3-BF4B-00C04F79EFBC}") = "DMPPortPlugin", "DMPPortPlugin\DMPPortPlugin.csproj", "{FFADCEFF-7708-4AC5-9402-53AEE60CDAAA}"
EndProject
Global
	GlobalSection(SolutionConfigurationPlatforms) = preSolution
		Debug|Any CPU = Debug|Any CPU
		Release|Any CPU = Release|Any CPU
	EndGlobalSection
	GlobalSection(ProjectConfigurationPlatforms) = postSolution
		{FFADCEFF-7708-4AC5-9402-53AEE60CDAAA}.Debug|Any CPU.ActiveCfg = Debug|Any CPU
		{FFADCEFF-7708-4AC5-9402-53AEE60CDAAA}.Debug|Any CPU.Build.0 = Debug|Any CPU
		{FFADCEFF-7708-4AC5-9402-53AEE60CDAAA}.Release|Any CPU.ActiveCfg = Release|Any CPU
		{FFADCEFF-7708-4AC5-9402-53AEE60CDAAA}.Release|Any CPU.Build.0 = Release|Any CPU
	EndGlobalSection
	GlobalSection(MonoDevelopProperties) = preSolution
		StartupItem = DMPPortPlugin\DMPPortPlugin.csproj
	EndGlobalSection
EndGlobal
